// !$*UTF8*$!
{
	archiveVersion = 1;
	classes = {
	};
	objectVersion = 77;
	objects = {

/* Begin PBXBuildFile section */
		1C8596242CFF415100F702B9 /* .gitignore in Resources */ = {isa = PBXBuildFile; fileRef = 1C8596232CFF415100F702B9 /* .gitignore */; };
		1C859C8A2CFFA1F400F702B9 /* AnalyticalConstants.swift in Sources */ = {isa = PBXBuildFile; fileRef = 1C859C2D2CFFA1F400F702B9 /* AnalyticalConstants.swift */; };
		1C859C8B2CFFA1F400F702B9 /* AnalyticsService.swift in Sources */ = {isa = PBXBuildFile; fileRef = 1C859C2E2CFFA1F400F702B9 /* AnalyticsService.swift */; };
		1C859C8C2CFFA1F400F702B9 /* Tracker.xcdatamodeld in Sources */ = {isa = PBXBuildFile; fileRef = 1C859C302CFFA1F400F702B9 /* Tracker.xcdatamodeld */; };
		1C859C8D2CFFA1F400F702B9 /* Array+Extension.swift in Sources */ = {isa = PBXBuildFile; fileRef = 1C859C322CFFA1F400F702B9 /* Array+Extension.swift */; };
		1C859C8E2CFFA1F400F702B9 /* Date+Extensions.swift in Sources */ = {isa = PBXBuildFile; fileRef = 1C859C332CFFA1F400F702B9 /* Date+Extensions.swift */; };
		1C859C8F2CFFA1F400F702B9 /* GeometricParams.swift in Sources */ = {isa = PBXBuildFile; fileRef = 1C859C342CFFA1F400F702B9 /* GeometricParams.swift */; };
		1C859C902CFFA1F400F702B9 /* Log.swift in Sources */ = {isa = PBXBuildFile; fileRef = 1C859C352CFFA1F400F702B9 /* Log.swift */; };
		1C859C912CFFA1F400F702B9 /* PaddedTextField.swift in Sources */ = {isa = PBXBuildFile; fileRef = 1C859C362CFFA1F400F702B9 /* PaddedTextField.swift */; };
		1C859C922CFFA1F400F702B9 /* UIColor+Extension.swift in Sources */ = {isa = PBXBuildFile; fileRef = 1C859C372CFFA1F400F702B9 /* UIColor+Extension.swift */; };
		1C859C932CFFA1F400F702B9 /* UserSettingsManager.swift in Sources */ = {isa = PBXBuildFile; fileRef = 1C859C382CFFA1F400F702B9 /* UserSettingsManager.swift */; };
		1C859C942CFFA1F400F702B9 /* LocalozedStrings.swift in Sources */ = {isa = PBXBuildFile; fileRef = 1C859C402CFFA1F400F702B9 /* LocalozedStrings.swift */; };
		1C859C952CFFA1F400F702B9 /* Emoji.swift in Sources */ = {isa = PBXBuildFile; fileRef = 1C859C422CFFA1F400F702B9 /* Emoji.swift */; };
		1C859C962CFFA1F400F702B9 /* StatisticsItem.swift in Sources */ = {isa = PBXBuildFile; fileRef = 1C859C432CFFA1F400F702B9 /* StatisticsItem.swift */; };
		1C859C972CFFA1F400F702B9 /* Tracker.swift in Sources */ = {isa = PBXBuildFile; fileRef = 1C859C442CFFA1F400F702B9 /* Tracker.swift */; };
		1C859C982CFFA1F400F702B9 /* TrackerCategory.swift in Sources */ = {isa = PBXBuildFile; fileRef = 1C859C452CFFA1F400F702B9 /* TrackerCategory.swift */; };
		1C859C992CFFA1F400F702B9 /* TrackerColor.swift in Sources */ = {isa = PBXBuildFile; fileRef = 1C859C462CFFA1F400F702B9 /* TrackerColor.swift */; };
		1C859C9A2CFFA1F400F702B9 /* TrackerRecord.swift in Sources */ = {isa = PBXBuildFile; fileRef = 1C859C472CFFA1F400F702B9 /* TrackerRecord.swift */; };
		1C859C9B2CFFA1F400F702B9 /* WeekDays.swift in Sources */ = {isa = PBXBuildFile; fileRef = 1C859C482CFFA1F400F702B9 /* WeekDays.swift */; };
		1C859C9C2CFFA1F400F702B9 /* BasicStore.swift in Sources */ = {isa = PBXBuildFile; fileRef = 1C859C4A2CFFA1F400F702B9 /* BasicStore.swift */; };
		1C859C9D2CFFA1F400F702B9 /* FilterPredicateBuilder.swift in Sources */ = {isa = PBXBuildFile; fileRef = 1C859C4B2CFFA1F400F702B9 /* FilterPredicateBuilder.swift */; };
		1C859C9E2CFFA1F400F702B9 /* FilterPredicateFactory.swift in Sources */ = {isa = PBXBuildFile; fileRef = 1C859C4C2CFFA1F400F702B9 /* FilterPredicateFactory.swift */; };
		1C859C9F2CFFA1F400F702B9 /* StatisticsStore.swift in Sources */ = {isa = PBXBuildFile; fileRef = 1C859C4D2CFFA1F400F702B9 /* StatisticsStore.swift */; };
		1C859CA02CFFA1F400F702B9 /* TrackerCategoryStore.swift in Sources */ = {isa = PBXBuildFile; fileRef = 1C859C4E2CFFA1F400F702B9 /* TrackerCategoryStore.swift */; };
		1C859CA12CFFA1F400F702B9 /* TrackerRecordStore.swift in Sources */ = {isa = PBXBuildFile; fileRef = 1C859C4F2CFFA1F400F702B9 /* TrackerRecordStore.swift */; };
		1C859CA22CFFA1F400F702B9 /* TrackerStore.swift in Sources */ = {isa = PBXBuildFile; fileRef = 1C859C502CFFA1F400F702B9 /* TrackerStore.swift */; };
		1C859CA32CFFA1F400F702B9 /* StatisticsViewModel.swift in Sources */ = {isa = PBXBuildFile; fileRef = 1C859C522CFFA1F400F702B9 /* StatisticsViewModel.swift */; };
		1C859CA42CFFA1F400F702B9 /* StoreDelegate.swift in Sources */ = {isa = PBXBuildFile; fileRef = 1C859C532CFFA1F400F702B9 /* StoreDelegate.swift */; };
		1C859CA52CFFA1F400F702B9 /* TrackerCategoryViewModel.swift in Sources */ = {isa = PBXBuildFile; fileRef = 1C859C542CFFA1F400F702B9 /* TrackerCategoryViewModel.swift */; };
		1C859CA62CFFA1F400F702B9 /* TrackerCollectionViewModel.swift in Sources */ = {isa = PBXBuildFile; fileRef = 1C859C552CFFA1F400F702B9 /* TrackerCollectionViewModel.swift */; };
		1C859CA72CFFA1F400F702B9 /* TrackersViewModel.swift in Sources */ = {isa = PBXBuildFile; fileRef = 1C859C562CFFA1F400F702B9 /* TrackersViewModel.swift */; };
		1C859CA82CFFA1F400F702B9 /* AppColors.swift in Sources */ = {isa = PBXBuildFile; fileRef = 1C859C582CFFA1F400F702B9 /* AppColors.swift */; };
		1C859CA92CFFA1F400F702B9 /* BasicViewController.swift in Sources */ = {isa = PBXBuildFile; fileRef = 1C859C592CFFA1F400F702B9 /* BasicViewController.swift */; };
		1C859CAA2CFFA1F400F702B9 /* Constants.swift in Sources */ = {isa = PBXBuildFile; fileRef = 1C859C5A2CFFA1F400F702B9 /* Constants.swift */; };
		1C859CAB2CFFA1F400F702B9 /* GradientBorderView.swift in Sources */ = {isa = PBXBuildFile; fileRef = 1C859C5B2CFFA1F400F702B9 /* GradientBorderView.swift */; };
		1C859CAC2CFFA1F400F702B9 /* PlaceHolderView.swift in Sources */ = {isa = PBXBuildFile; fileRef = 1C859C5C2CFFA1F400F702B9 /* PlaceHolderView.swift */; };
		1C859CAD2CFFA1F400F702B9 /* SelectionTableViewCell.swift in Sources */ = {isa = PBXBuildFile; fileRef = 1C859C5D2CFFA1F400F702B9 /* SelectionTableViewCell.swift */; };
		1C859CAE2CFFA1F400F702B9 /* MainTabBarController.swift in Sources */ = {isa = PBXBuildFile; fileRef = 1C859C5F2CFFA1F400F702B9 /* MainTabBarController.swift */; };
		1C859CAF2CFFA1F400F702B9 /* ContentViewController.swift in Sources */ = {isa = PBXBuildFile; fileRef = 1C859C612CFFA1F400F702B9 /* ContentViewController.swift */; };
		1C859CB02CFFA1F400F702B9 /* PageViewController.swift in Sources */ = {isa = PBXBuildFile; fileRef = 1C859C622CFFA1F400F702B9 /* PageViewController.swift */; };
		1C859CB12CFFA1F400F702B9 /* StatisticsItemView.swift in Sources */ = {isa = PBXBuildFile; fileRef = 1C859C642CFFA1F400F702B9 /* StatisticsItemView.swift */; };
		1C859CB22CFFA1F400F702B9 /* StatisticsViewController.swift in Sources */ = {isa = PBXBuildFile; fileRef = 1C859C652CFFA1F400F702B9 /* StatisticsViewController.swift */; };
		1C859CB32CFFA1F400F702B9 /* ColorCollectionViewCell.swift in Sources */ = {isa = PBXBuildFile; fileRef = 1C859C672CFFA1F400F702B9 /* ColorCollectionViewCell.swift */; };
		1C859CB42CFFA1F400F702B9 /* ColorSelectionView.swift in Sources */ = {isa = PBXBuildFile; fileRef = 1C859C682CFFA1F400F702B9 /* ColorSelectionView.swift */; };
		1C859CB52CFFA1F400F702B9 /* EmojiCollectionViewCell.swift in Sources */ = {isa = PBXBuildFile; fileRef = 1C859C6A2CFFA1F400F702B9 /* EmojiCollectionViewCell.swift */; };
		1C859CB62CFFA1F400F702B9 /* EmojiSelectionView.swift in Sources */ = {isa = PBXBuildFile; fileRef = 1C859C6B2CFFA1F400F702B9 /* EmojiSelectionView.swift */; };
		1C859CB72CFFA1F400F702B9 /* ScheduleViewController.swift in Sources */ = {isa = PBXBuildFile; fileRef = 1C859C6D2CFFA1F400F702B9 /* ScheduleViewController.swift */; };
		1C859CB82CFFA1F400F702B9 /* TrackerDelegateProtocol.swift in Sources */ = {isa = PBXBuildFile; fileRef = 1C859C6E2CFFA1F400F702B9 /* TrackerDelegateProtocol.swift */; };
		1C859CB92CFFA1F400F702B9 /* TrackerTypeSelectorViewController.swift in Sources */ = {isa = PBXBuildFile; fileRef = 1C859C6F2CFFA1F400F702B9 /* TrackerTypeSelectorViewController.swift */; };
		1C859CBA2CFFA1F400F702B9 /* TrackerViewController.swift in Sources */ = {isa = PBXBuildFile; fileRef = 1C859C702CFFA1F400F702B9 /* TrackerViewController.swift */; };
		1C859CBB2CFFA1F400F702B9 /* CategoriesViewController.swift in Sources */ = {isa = PBXBuildFile; fileRef = 1C859C722CFFA1F400F702B9 /* CategoriesViewController.swift */; };
		1C859CBC2CFFA1F400F702B9 /* NewCategoryViewController.swift in Sources */ = {isa = PBXBuildFile; fileRef = 1C859C732CFFA1F400F702B9 /* NewCategoryViewController.swift */; };
		1C859CBD2CFFA1F400F702B9 /* TrackerCardView.swift in Sources */ = {isa = PBXBuildFile; fileRef = 1C859C752CFFA1F400F702B9 /* TrackerCardView.swift */; };
		1C859CBE2CFFA1F400F702B9 /* TrackerCollectionViewCell.swift in Sources */ = {isa = PBXBuildFile; fileRef = 1C859C762CFFA1F400F702B9 /* TrackerCollectionViewCell.swift */; };
		1C859CBF2CFFA1F400F702B9 /* Filters.swift in Sources */ = {isa = PBXBuildFile; fileRef = 1C859C782CFFA1F400F702B9 /* Filters.swift */; };
		1C859CC02CFFA1F400F702B9 /* FiltersViewController.swift in Sources */ = {isa = PBXBuildFile; fileRef = 1C859C792CFFA1F400F702B9 /* FiltersViewController.swift */; };
		1C859CC12CFFA1F400F702B9 /* TrackersViewController.swift in Sources */ = {isa = PBXBuildFile; fileRef = 1C859C7A2CFFA1F400F702B9 /* TrackersViewController.swift */; };
		1C859CC22CFFA1F400F702B9 /* TrackersViewController+CollectionView.swift in Sources */ = {isa = PBXBuildFile; fileRef = 1C859C7B2CFFA1F400F702B9 /* TrackersViewController+CollectionView.swift */; };
		1C859CC32CFFA1F400F702B9 /* TrackersViewController+ContextMenu.swift in Sources */ = {isa = PBXBuildFile; fileRef = 1C859C7C2CFFA1F400F702B9 /* TrackersViewController+ContextMenu.swift */; };
		1C859CC42CFFA1F400F702B9 /* TrackersViewController+TrackersViewProtocol.swift in Sources */ = {isa = PBXBuildFile; fileRef = 1C859C7D2CFFA1F400F702B9 /* TrackersViewController+TrackersViewProtocol.swift */; };
		1C859CC52CFFA1F400F702B9 /* AppDelegate.swift in Sources */ = {isa = PBXBuildFile; fileRef = 1C859C802CFFA1F400F702B9 /* AppDelegate.swift */; };
		1C859CC62CFFA1F400F702B9 /* SceneDelegate.swift in Sources */ = {isa = PBXBuildFile; fileRef = 1C859C872CFFA1F400F702B9 /* SceneDelegate.swift */; };
		1C859CC72CFFA1F400F702B9 /* Localizable.strings in Resources */ = {isa = PBXBuildFile; fileRef = 1C859C3C2CFFA1F400F702B9 /* Localizable.strings */; };
		1C859CC82CFFA1F400F702B9 /* Localizable.stringsdict in Resources */ = {isa = PBXBuildFile; fileRef = 1C859C3F2CFFA1F400F702B9 /* Localizable.stringsdict */; };
		1C859CC92CFFA1F400F702B9 /* Assets.xcassets in Resources */ = {isa = PBXBuildFile; fileRef = 1C859C812CFFA1F400F702B9 /* Assets.xcassets */; };
		1C859CCB2CFFA1F400F702B9 /* LaunchScreen.storyboard in Resources */ = {isa = PBXBuildFile; fileRef = 1C859C842CFFA1F400F702B9 /* LaunchScreen.storyboard */; };
		1C859CCC2CFFA1F400F702B9 /* LaunchScreen.strings in Resources */ = {isa = PBXBuildFile; fileRef = 1C859C862CFFA1F400F702B9 /* LaunchScreen.strings */; };
		1C859CD52CFFA1FF00F702B9 /* MockFilterDelegate.swift in Sources */ = {isa = PBXBuildFile; fileRef = 1C859CCF2CFFA1FF00F702B9 /* MockFilterDelegate.swift */; };
		1C859CD62CFFA1FF00F702B9 /* MockTrackerDelegate.swift in Sources */ = {isa = PBXBuildFile; fileRef = 1C859CD02CFFA1FF00F702B9 /* MockTrackerDelegate.swift */; };
		1C859CD72CFFA1FF00F702B9 /* StatisticsStoreTest.swift in Sources */ = {isa = PBXBuildFile; fileRef = 1C859CD22CFFA1FF00F702B9 /* StatisticsStoreTest.swift */; };
		1C859CD82CFFA1FF00F702B9 /* TrackerScreenshotTests.swift in Sources */ = {isa = PBXBuildFile; fileRef = 1C859CD32CFFA1FF00F702B9 /* TrackerScreenshotTests.swift */; };
		5D3B3AF5373FF1CF2998E384 /* Pods_TrackerTests.framework in Frameworks */ = {isa = PBXBuildFile; fileRef = 8A30C8FDF84A049A49D7A075 /* Pods_TrackerTests.framework */; };
		72815494BCEA5FC409C1E03C /* Pods_Tracker.framework in Frameworks */ = {isa = PBXBuildFile; fileRef = 181826AB2E56A98266F1E642 /* Pods_Tracker.framework */; };
/* End PBXBuildFile section */

/* Begin PBXContainerItemProxy section */
		1C7676AC2CFDE3400094C046 /* PBXContainerItemProxy */ = {
			isa = PBXContainerItemProxy;
			containerPortal = 1C7F15162CE9BE38001AC738 /* Project object */;
			proxyType = 1;
			remoteGlobalIDString = 1C7F151D2CE9BE38001AC738;
			remoteInfo = Tracker;
		};
/* End PBXContainerItemProxy section */

/* Begin PBXFileReference section */
		181826AB2E56A98266F1E642 /* Pods_Tracker.framework */ = {isa = PBXFileReference; explicitFileType = wrapper.framework; includeInIndex = 0; path = Pods_Tracker.framework; sourceTree = BUILT_PRODUCTS_DIR; };
		1A7C3541A11903BCBDB9DCE4 /* Pods-Tracker.debug.xcconfig */ = {isa = PBXFileReference; includeInIndex = 1; lastKnownFileType = text.xcconfig; name = "Pods-Tracker.debug.xcconfig"; path = "Target Support Files/Pods-Tracker/Pods-Tracker.debug.xcconfig"; sourceTree = "<group>"; };
		1C7676A82CFDE3400094C046 /* TrackerTests.xctest */ = {isa = PBXFileReference; explicitFileType = wrapper.cfbundle; includeInIndex = 0; path = TrackerTests.xctest; sourceTree = BUILT_PRODUCTS_DIR; };
		1C7F151E2CE9BE38001AC738 /* Tracker.app */ = {isa = PBXFileReference; explicitFileType = wrapper.application; includeInIndex = 0; path = Tracker.app; sourceTree = BUILT_PRODUCTS_DIR; };
		1C8596232CFF415100F702B9 /* .gitignore */ = {isa = PBXFileReference; lastKnownFileType = text; path = .gitignore; sourceTree = "<group>"; };
		1C859C2D2CFFA1F400F702B9 /* AnalyticalConstants.swift */ = {isa = PBXFileReference; lastKnownFileType = sourcecode.swift; path = AnalyticalConstants.swift; sourceTree = "<group>"; };
		1C859C2E2CFFA1F400F702B9 /* AnalyticsService.swift */ = {isa = PBXFileReference; lastKnownFileType = sourcecode.swift; path = AnalyticsService.swift; sourceTree = "<group>"; };
		1C859C322CFFA1F400F702B9 /* Array+Extension.swift */ = {isa = PBXFileReference; lastKnownFileType = sourcecode.swift; path = "Array+Extension.swift"; sourceTree = "<group>"; };
		1C859C332CFFA1F400F702B9 /* Date+Extensions.swift */ = {isa = PBXFileReference; lastKnownFileType = sourcecode.swift; path = "Date+Extensions.swift"; sourceTree = "<group>"; };
		1C859C342CFFA1F400F702B9 /* GeometricParams.swift */ = {isa = PBXFileReference; lastKnownFileType = sourcecode.swift; path = GeometricParams.swift; sourceTree = "<group>"; };
		1C859C352CFFA1F400F702B9 /* Log.swift */ = {isa = PBXFileReference; lastKnownFileType = sourcecode.swift; path = Log.swift; sourceTree = "<group>"; };
		1C859C362CFFA1F400F702B9 /* PaddedTextField.swift */ = {isa = PBXFileReference; lastKnownFileType = sourcecode.swift; path = PaddedTextField.swift; sourceTree = "<group>"; };
		1C859C372CFFA1F400F702B9 /* UIColor+Extension.swift */ = {isa = PBXFileReference; lastKnownFileType = sourcecode.swift; path = "UIColor+Extension.swift"; sourceTree = "<group>"; };
		1C859C382CFFA1F400F702B9 /* UserSettingsManager.swift */ = {isa = PBXFileReference; lastKnownFileType = sourcecode.swift; path = UserSettingsManager.swift; sourceTree = "<group>"; };
		1C859C3A2CFFA1F400F702B9 /* en */ = {isa = PBXFileReference; lastKnownFileType = text.plist.strings; name = en; path = en.lproj/Localizable.strings; sourceTree = "<group>"; };
		1C859C3B2CFFA1F400F702B9 /* ru */ = {isa = PBXFileReference; lastKnownFileType = text.plist.strings; name = ru; path = ru.lproj/Localizable.strings; sourceTree = "<group>"; };
		1C859C3D2CFFA1F400F702B9 /* en */ = {isa = PBXFileReference; lastKnownFileType = text.plist.stringsdict; name = en; path = en.lproj/Localizable.stringsdict; sourceTree = "<group>"; };
		1C859C3E2CFFA1F400F702B9 /* ru */ = {isa = PBXFileReference; lastKnownFileType = text.plist.stringsdict; name = ru; path = ru.lproj/Localizable.stringsdict; sourceTree = "<group>"; };
		1C859C402CFFA1F400F702B9 /* LocalozedStrings.swift */ = {isa = PBXFileReference; lastKnownFileType = sourcecode.swift; path = LocalozedStrings.swift; sourceTree = "<group>"; };
		1C859C422CFFA1F400F702B9 /* Emoji.swift */ = {isa = PBXFileReference; lastKnownFileType = sourcecode.swift; path = Emoji.swift; sourceTree = "<group>"; };
		1C859C432CFFA1F400F702B9 /* StatisticsItem.swift */ = {isa = PBXFileReference; lastKnownFileType = sourcecode.swift; path = StatisticsItem.swift; sourceTree = "<group>"; };
		1C859C442CFFA1F400F702B9 /* Tracker.swift */ = {isa = PBXFileReference; lastKnownFileType = sourcecode.swift; path = Tracker.swift; sourceTree = "<group>"; };
		1C859C452CFFA1F400F702B9 /* TrackerCategory.swift */ = {isa = PBXFileReference; lastKnownFileType = sourcecode.swift; path = TrackerCategory.swift; sourceTree = "<group>"; };
		1C859C462CFFA1F400F702B9 /* TrackerColor.swift */ = {isa = PBXFileReference; lastKnownFileType = sourcecode.swift; path = TrackerColor.swift; sourceTree = "<group>"; };
		1C859C472CFFA1F400F702B9 /* TrackerRecord.swift */ = {isa = PBXFileReference; lastKnownFileType = sourcecode.swift; path = TrackerRecord.swift; sourceTree = "<group>"; };
		1C859C482CFFA1F400F702B9 /* WeekDays.swift */ = {isa = PBXFileReference; lastKnownFileType = sourcecode.swift; path = WeekDays.swift; sourceTree = "<group>"; };
		1C859C4A2CFFA1F400F702B9 /* BasicStore.swift */ = {isa = PBXFileReference; lastKnownFileType = sourcecode.swift; path = BasicStore.swift; sourceTree = "<group>"; };
		1C859C4B2CFFA1F400F702B9 /* FilterPredicateBuilder.swift */ = {isa = PBXFileReference; lastKnownFileType = sourcecode.swift; path = FilterPredicateBuilder.swift; sourceTree = "<group>"; };
		1C859C4C2CFFA1F400F702B9 /* FilterPredicateFactory.swift */ = {isa = PBXFileReference; lastKnownFileType = sourcecode.swift; path = FilterPredicateFactory.swift; sourceTree = "<group>"; };
		1C859C4D2CFFA1F400F702B9 /* StatisticsStore.swift */ = {isa = PBXFileReference; lastKnownFileType = sourcecode.swift; path = StatisticsStore.swift; sourceTree = "<group>"; };
		1C859C4E2CFFA1F400F702B9 /* TrackerCategoryStore.swift */ = {isa = PBXFileReference; lastKnownFileType = sourcecode.swift; path = TrackerCategoryStore.swift; sourceTree = "<group>"; };
		1C859C4F2CFFA1F400F702B9 /* TrackerRecordStore.swift */ = {isa = PBXFileReference; lastKnownFileType = sourcecode.swift; path = TrackerRecordStore.swift; sourceTree = "<group>"; };
		1C859C502CFFA1F400F702B9 /* TrackerStore.swift */ = {isa = PBXFileReference; lastKnownFileType = sourcecode.swift; path = TrackerStore.swift; sourceTree = "<group>"; };
		1C859C522CFFA1F400F702B9 /* StatisticsViewModel.swift */ = {isa = PBXFileReference; lastKnownFileType = sourcecode.swift; path = StatisticsViewModel.swift; sourceTree = "<group>"; };
		1C859C532CFFA1F400F702B9 /* StoreDelegate.swift */ = {isa = PBXFileReference; lastKnownFileType = sourcecode.swift; path = StoreDelegate.swift; sourceTree = "<group>"; };
		1C859C542CFFA1F400F702B9 /* TrackerCategoryViewModel.swift */ = {isa = PBXFileReference; lastKnownFileType = sourcecode.swift; path = TrackerCategoryViewModel.swift; sourceTree = "<group>"; };
		1C859C552CFFA1F400F702B9 /* TrackerCollectionViewModel.swift */ = {isa = PBXFileReference; lastKnownFileType = sourcecode.swift; path = TrackerCollectionViewModel.swift; sourceTree = "<group>"; };
		1C859C562CFFA1F400F702B9 /* TrackersViewModel.swift */ = {isa = PBXFileReference; lastKnownFileType = sourcecode.swift; path = TrackersViewModel.swift; sourceTree = "<group>"; };
		1C859C582CFFA1F400F702B9 /* AppColors.swift */ = {isa = PBXFileReference; lastKnownFileType = sourcecode.swift; path = AppColors.swift; sourceTree = "<group>"; };
		1C859C592CFFA1F400F702B9 /* BasicViewController.swift */ = {isa = PBXFileReference; lastKnownFileType = sourcecode.swift; path = BasicViewController.swift; sourceTree = "<group>"; };
		1C859C5A2CFFA1F400F702B9 /* Constants.swift */ = {isa = PBXFileReference; lastKnownFileType = sourcecode.swift; path = Constants.swift; sourceTree = "<group>"; };
		1C859C5B2CFFA1F400F702B9 /* GradientBorderView.swift */ = {isa = PBXFileReference; lastKnownFileType = sourcecode.swift; path = GradientBorderView.swift; sourceTree = "<group>"; };
		1C859C5C2CFFA1F400F702B9 /* PlaceHolderView.swift */ = {isa = PBXFileReference; lastKnownFileType = sourcecode.swift; path = PlaceHolderView.swift; sourceTree = "<group>"; };
		1C859C5D2CFFA1F400F702B9 /* SelectionTableViewCell.swift */ = {isa = PBXFileReference; lastKnownFileType = sourcecode.swift; path = SelectionTableViewCell.swift; sourceTree = "<group>"; };
		1C859C5F2CFFA1F400F702B9 /* MainTabBarController.swift */ = {isa = PBXFileReference; lastKnownFileType = sourcecode.swift; path = MainTabBarController.swift; sourceTree = "<group>"; };
		1C859C612CFFA1F400F702B9 /* ContentViewController.swift */ = {isa = PBXFileReference; lastKnownFileType = sourcecode.swift; path = ContentViewController.swift; sourceTree = "<group>"; };
		1C859C622CFFA1F400F702B9 /* PageViewController.swift */ = {isa = PBXFileReference; lastKnownFileType = sourcecode.swift; path = PageViewController.swift; sourceTree = "<group>"; };
		1C859C642CFFA1F400F702B9 /* StatisticsItemView.swift */ = {isa = PBXFileReference; lastKnownFileType = sourcecode.swift; path = StatisticsItemView.swift; sourceTree = "<group>"; };
		1C859C652CFFA1F400F702B9 /* StatisticsViewController.swift */ = {isa = PBXFileReference; lastKnownFileType = sourcecode.swift; path = StatisticsViewController.swift; sourceTree = "<group>"; };
		1C859C672CFFA1F400F702B9 /* ColorCollectionViewCell.swift */ = {isa = PBXFileReference; lastKnownFileType = sourcecode.swift; path = ColorCollectionViewCell.swift; sourceTree = "<group>"; };
		1C859C682CFFA1F400F702B9 /* ColorSelectionView.swift */ = {isa = PBXFileReference; lastKnownFileType = sourcecode.swift; path = ColorSelectionView.swift; sourceTree = "<group>"; };
		1C859C6A2CFFA1F400F702B9 /* EmojiCollectionViewCell.swift */ = {isa = PBXFileReference; lastKnownFileType = sourcecode.swift; path = EmojiCollectionViewCell.swift; sourceTree = "<group>"; };
		1C859C6B2CFFA1F400F702B9 /* EmojiSelectionView.swift */ = {isa = PBXFileReference; lastKnownFileType = sourcecode.swift; path = EmojiSelectionView.swift; sourceTree = "<group>"; };
		1C859C6D2CFFA1F400F702B9 /* ScheduleViewController.swift */ = {isa = PBXFileReference; lastKnownFileType = sourcecode.swift; path = ScheduleViewController.swift; sourceTree = "<group>"; };
		1C859C6E2CFFA1F400F702B9 /* TrackerDelegateProtocol.swift */ = {isa = PBXFileReference; lastKnownFileType = sourcecode.swift; path = TrackerDelegateProtocol.swift; sourceTree = "<group>"; };
		1C859C6F2CFFA1F400F702B9 /* TrackerTypeSelectorViewController.swift */ = {isa = PBXFileReference; lastKnownFileType = sourcecode.swift; path = TrackerTypeSelectorViewController.swift; sourceTree = "<group>"; };
		1C859C702CFFA1F400F702B9 /* TrackerViewController.swift */ = {isa = PBXFileReference; lastKnownFileType = sourcecode.swift; path = TrackerViewController.swift; sourceTree = "<group>"; };
		1C859C722CFFA1F400F702B9 /* CategoriesViewController.swift */ = {isa = PBXFileReference; lastKnownFileType = sourcecode.swift; path = CategoriesViewController.swift; sourceTree = "<group>"; };
		1C859C732CFFA1F400F702B9 /* NewCategoryViewController.swift */ = {isa = PBXFileReference; lastKnownFileType = sourcecode.swift; path = NewCategoryViewController.swift; sourceTree = "<group>"; };
		1C859C752CFFA1F400F702B9 /* TrackerCardView.swift */ = {isa = PBXFileReference; lastKnownFileType = sourcecode.swift; path = TrackerCardView.swift; sourceTree = "<group>"; };
		1C859C762CFFA1F400F702B9 /* TrackerCollectionViewCell.swift */ = {isa = PBXFileReference; lastKnownFileType = sourcecode.swift; path = TrackerCollectionViewCell.swift; sourceTree = "<group>"; };
		1C859C782CFFA1F400F702B9 /* Filters.swift */ = {isa = PBXFileReference; lastKnownFileType = sourcecode.swift; path = Filters.swift; sourceTree = "<group>"; };
		1C859C792CFFA1F400F702B9 /* FiltersViewController.swift */ = {isa = PBXFileReference; lastKnownFileType = sourcecode.swift; path = FiltersViewController.swift; sourceTree = "<group>"; };
		1C859C7A2CFFA1F400F702B9 /* TrackersViewController.swift */ = {isa = PBXFileReference; lastKnownFileType = sourcecode.swift; path = TrackersViewController.swift; sourceTree = "<group>"; };
		1C859C7B2CFFA1F400F702B9 /* TrackersViewController+CollectionView.swift */ = {isa = PBXFileReference; lastKnownFileType = sourcecode.swift; path = "TrackersViewController+CollectionView.swift"; sourceTree = "<group>"; };
		1C859C7C2CFFA1F400F702B9 /* TrackersViewController+ContextMenu.swift */ = {isa = PBXFileReference; lastKnownFileType = sourcecode.swift; path = "TrackersViewController+ContextMenu.swift"; sourceTree = "<group>"; };
		1C859C7D2CFFA1F400F702B9 /* TrackersViewController+TrackersViewProtocol.swift */ = {isa = PBXFileReference; lastKnownFileType = sourcecode.swift; path = "TrackersViewController+TrackersViewProtocol.swift"; sourceTree = "<group>"; };
		1C859C802CFFA1F400F702B9 /* AppDelegate.swift */ = {isa = PBXFileReference; lastKnownFileType = sourcecode.swift; path = AppDelegate.swift; sourceTree = "<group>"; };
		1C859C812CFFA1F400F702B9 /* Assets.xcassets */ = {isa = PBXFileReference; lastKnownFileType = folder.assetcatalog; path = Assets.xcassets; sourceTree = "<group>"; };
		1C859C832CFFA1F400F702B9 /* Base */ = {isa = PBXFileReference; lastKnownFileType = file.storyboard; name = Base; path = Base.lproj/LaunchScreen.storyboard; sourceTree = "<group>"; };
		1C859C852CFFA1F400F702B9 /* en */ = {isa = PBXFileReference; lastKnownFileType = text.plist.strings; name = en; path = en.lproj/LaunchScreen.strings; sourceTree = "<group>"; };
		1C859C872CFFA1F400F702B9 /* SceneDelegate.swift */ = {isa = PBXFileReference; lastKnownFileType = sourcecode.swift; path = SceneDelegate.swift; sourceTree = "<group>"; };
		1C859C892CFFA1F400F702B9 /* Tracker.xcdatamodel */ = {isa = PBXFileReference; lastKnownFileType = wrapper.xcdatamodel; path = Tracker.xcdatamodel; sourceTree = "<group>"; };
		1C859CCF2CFFA1FF00F702B9 /* MockFilterDelegate.swift */ = {isa = PBXFileReference; lastKnownFileType = sourcecode.swift; path = MockFilterDelegate.swift; sourceTree = "<group>"; };
		1C859CD02CFFA1FF00F702B9 /* MockTrackerDelegate.swift */ = {isa = PBXFileReference; lastKnownFileType = sourcecode.swift; path = MockTrackerDelegate.swift; sourceTree = "<group>"; };
		1C859CD22CFFA1FF00F702B9 /* StatisticsStoreTest.swift */ = {isa = PBXFileReference; lastKnownFileType = sourcecode.swift; path = StatisticsStoreTest.swift; sourceTree = "<group>"; };
		1C859CD32CFFA1FF00F702B9 /* TrackerScreenshotTests.swift */ = {isa = PBXFileReference; lastKnownFileType = sourcecode.swift; path = TrackerScreenshotTests.swift; sourceTree = "<group>"; };
		2F30DC82AA4313F8E50FD452 /* Pods-Tracker.release.xcconfig */ = {isa = PBXFileReference; includeInIndex = 1; lastKnownFileType = text.xcconfig; name = "Pods-Tracker.release.xcconfig"; path = "Target Support Files/Pods-Tracker/Pods-Tracker.release.xcconfig"; sourceTree = "<group>"; };
		80805D0A7E290644B7C9C5DC /* Pods-TrackerTests.debug.xcconfig */ = {isa = PBXFileReference; includeInIndex = 1; lastKnownFileType = text.xcconfig; name = "Pods-TrackerTests.debug.xcconfig"; path = "Target Support Files/Pods-TrackerTests/Pods-TrackerTests.debug.xcconfig"; sourceTree = "<group>"; };
		8A30C8FDF84A049A49D7A075 /* Pods_TrackerTests.framework */ = {isa = PBXFileReference; explicitFileType = wrapper.framework; includeInIndex = 0; path = Pods_TrackerTests.framework; sourceTree = BUILT_PRODUCTS_DIR; };
		DC88A1D857345149E2DF3F0E /* Pods-TrackerTests.release.xcconfig */ = {isa = PBXFileReference; includeInIndex = 1; lastKnownFileType = text.xcconfig; name = "Pods-TrackerTests.release.xcconfig"; path = "Target Support Files/Pods-TrackerTests/Pods-TrackerTests.release.xcconfig"; sourceTree = "<group>"; };
/* End PBXFileReference section */

/* Begin PBXFrameworksBuildPhase section */
		1C7676A52CFDE3400094C046 /* Frameworks */ = {
			isa = PBXFrameworksBuildPhase;
			buildActionMask = 2147483647;
			files = (
				5D3B3AF5373FF1CF2998E384 /* Pods_TrackerTests.framework in Frameworks */,
			);
			runOnlyForDeploymentPostprocessing = 0;
		};
		1C7F151B2CE9BE38001AC738 /* Frameworks */ = {
			isa = PBXFrameworksBuildPhase;
			buildActionMask = 2147483647;
			files = (
				72815494BCEA5FC409C1E03C /* Pods_Tracker.framework in Frameworks */,
			);
			runOnlyForDeploymentPostprocessing = 0;
		};
/* End PBXFrameworksBuildPhase section */

/* Begin PBXGroup section */
		1C7F15152CE9BE38001AC738 = {
			isa = PBXGroup;
			children = (
				1C859C882CFFA1F400F702B9 /* Tracker */,
				1C859CD42CFFA1FF00F702B9 /* TrackerTests */,
				1C7F151F2CE9BE38001AC738 /* Products */,
				AFDE203FAE78151B49145D34 /* Frameworks */,
				1C8596232CFF415100F702B9 /* .gitignore */,
				3EBF9F9AD613F7C8D91D67EC /* Pods */,
			);
			sourceTree = "<group>";
		};
		1C7F151F2CE9BE38001AC738 /* Products */ = {
			isa = PBXGroup;
			children = (
				1C7F151E2CE9BE38001AC738 /* Tracker.app */,
				1C7676A82CFDE3400094C046 /* TrackerTests.xctest */,
			);
			name = Products;
			sourceTree = "<group>";
		};
		1C859C2F2CFFA1F400F702B9 /* AppMetrica */ = {
			isa = PBXGroup;
			children = (
				1C859C2D2CFFA1F400F702B9 /* AnalyticalConstants.swift */,
				1C859C2E2CFFA1F400F702B9 /* AnalyticsService.swift */,
			);
			path = AppMetrica;
			sourceTree = "<group>";
		};
		1C859C312CFFA1F400F702B9 /* CoreData */ = {
			isa = PBXGroup;
			children = (
				1C859C302CFFA1F400F702B9 /* Tracker.xcdatamodeld */,
			);
			path = CoreData;
			sourceTree = "<group>";
		};
		1C859C392CFFA1F400F702B9 /* Helpers */ = {
			isa = PBXGroup;
			children = (
				1C859C322CFFA1F400F702B9 /* Array+Extension.swift */,
				1C859C332CFFA1F400F702B9 /* Date+Extensions.swift */,
				1C859C342CFFA1F400F702B9 /* GeometricParams.swift */,
				1C859C352CFFA1F400F702B9 /* Log.swift */,
				1C859C362CFFA1F400F702B9 /* PaddedTextField.swift */,
				1C859C372CFFA1F400F702B9 /* UIColor+Extension.swift */,
				1C859C382CFFA1F400F702B9 /* UserSettingsManager.swift */,
			);
			path = Helpers;
			sourceTree = "<group>";
		};
		1C859C412CFFA1F400F702B9 /* Localization */ = {
			isa = PBXGroup;
			children = (
				1C859C3C2CFFA1F400F702B9 /* Localizable.strings */,
				1C859C3F2CFFA1F400F702B9 /* Localizable.stringsdict */,
				1C859C402CFFA1F400F702B9 /* LocalozedStrings.swift */,
			);
			path = Localization;
			sourceTree = "<group>";
		};
		1C859C492CFFA1F400F702B9 /* Models */ = {
			isa = PBXGroup;
			children = (
				1C859C422CFFA1F400F702B9 /* Emoji.swift */,
				1C859C432CFFA1F400F702B9 /* StatisticsItem.swift */,
				1C859C442CFFA1F400F702B9 /* Tracker.swift */,
				1C859C452CFFA1F400F702B9 /* TrackerCategory.swift */,
				1C859C462CFFA1F400F702B9 /* TrackerColor.swift */,
				1C859C472CFFA1F400F702B9 /* TrackerRecord.swift */,
				1C859C482CFFA1F400F702B9 /* WeekDays.swift */,
			);
			path = Models;
			sourceTree = "<group>";
		};
		1C859C512CFFA1F400F702B9 /* StoreServices */ = {
			isa = PBXGroup;
			children = (
				1C859C4A2CFFA1F400F702B9 /* BasicStore.swift */,
				1C859C4B2CFFA1F400F702B9 /* FilterPredicateBuilder.swift */,
				1C859C4C2CFFA1F400F702B9 /* FilterPredicateFactory.swift */,
				1C859C4D2CFFA1F400F702B9 /* StatisticsStore.swift */,
				1C859C4E2CFFA1F400F702B9 /* TrackerCategoryStore.swift */,
				1C859C4F2CFFA1F400F702B9 /* TrackerRecordStore.swift */,
				1C859C502CFFA1F400F702B9 /* TrackerStore.swift */,
			);
			path = StoreServices;
			sourceTree = "<group>";
		};
		1C859C572CFFA1F400F702B9 /* ViewModel */ = {
			isa = PBXGroup;
			children = (
				1C859C522CFFA1F400F702B9 /* StatisticsViewModel.swift */,
				1C859C532CFFA1F400F702B9 /* StoreDelegate.swift */,
				1C859C542CFFA1F400F702B9 /* TrackerCategoryViewModel.swift */,
				1C859C552CFFA1F400F702B9 /* TrackerCollectionViewModel.swift */,
				1C859C562CFFA1F400F702B9 /* TrackersViewModel.swift */,
			);
			path = ViewModel;
			sourceTree = "<group>";
		};
		1C859C5E2CFFA1F400F702B9 /* Common */ = {
			isa = PBXGroup;
			children = (
				1C859C582CFFA1F400F702B9 /* AppColors.swift */,
				1C859C592CFFA1F400F702B9 /* BasicViewController.swift */,
				1C859C5A2CFFA1F400F702B9 /* Constants.swift */,
				1C859C5B2CFFA1F400F702B9 /* GradientBorderView.swift */,
				1C859C5C2CFFA1F400F702B9 /* PlaceHolderView.swift */,
				1C859C5D2CFFA1F400F702B9 /* SelectionTableViewCell.swift */,
			);
			path = Common;
			sourceTree = "<group>";
		};
		1C859C602CFFA1F400F702B9 /* MainTabBar */ = {
			isa = PBXGroup;
			children = (
				1C859C5F2CFFA1F400F702B9 /* MainTabBarController.swift */,
			);
			path = MainTabBar;
			sourceTree = "<group>";
		};
		1C859C632CFFA1F400F702B9 /* Onboarding */ = {
			isa = PBXGroup;
			children = (
				1C859C612CFFA1F400F702B9 /* ContentViewController.swift */,
				1C859C622CFFA1F400F702B9 /* PageViewController.swift */,
			);
			path = Onboarding;
			sourceTree = "<group>";
		};
		1C859C662CFFA1F400F702B9 /* Statistics */ = {
			isa = PBXGroup;
			children = (
				1C859C642CFFA1F400F702B9 /* StatisticsItemView.swift */,
				1C859C652CFFA1F400F702B9 /* StatisticsViewController.swift */,
			);
			path = Statistics;
			sourceTree = "<group>";
		};
		1C859C692CFFA1F400F702B9 /* Colors */ = {
			isa = PBXGroup;
			children = (
				1C859C672CFFA1F400F702B9 /* ColorCollectionViewCell.swift */,
				1C859C682CFFA1F400F702B9 /* ColorSelectionView.swift */,
			);
			path = Colors;
			sourceTree = "<group>";
		};
		1C859C6C2CFFA1F400F702B9 /* Emojis */ = {
			isa = PBXGroup;
			children = (
				1C859C6A2CFFA1F400F702B9 /* EmojiCollectionViewCell.swift */,
				1C859C6B2CFFA1F400F702B9 /* EmojiSelectionView.swift */,
			);
			path = Emojis;
			sourceTree = "<group>";
		};
		1C859C712CFFA1F400F702B9 /* Tracker */ = {
			isa = PBXGroup;
			children = (
				1C859C692CFFA1F400F702B9 /* Colors */,
				1C859C6C2CFFA1F400F702B9 /* Emojis */,
				1C859C6D2CFFA1F400F702B9 /* ScheduleViewController.swift */,
				1C859C6E2CFFA1F400F702B9 /* TrackerDelegateProtocol.swift */,
				1C859C6F2CFFA1F400F702B9 /* TrackerTypeSelectorViewController.swift */,
				1C859C702CFFA1F400F702B9 /* TrackerViewController.swift */,
			);
			path = Tracker;
			sourceTree = "<group>";
		};
		1C859C742CFFA1F400F702B9 /* TrackerCategories */ = {
			isa = PBXGroup;
			children = (
				1C859C722CFFA1F400F702B9 /* CategoriesViewController.swift */,
				1C859C732CFFA1F400F702B9 /* NewCategoryViewController.swift */,
			);
			path = TrackerCategories;
			sourceTree = "<group>";
		};
		1C859C772CFFA1F400F702B9 /* Cell */ = {
			isa = PBXGroup;
			children = (
				1C859C752CFFA1F400F702B9 /* TrackerCardView.swift */,
				1C859C762CFFA1F400F702B9 /* TrackerCollectionViewCell.swift */,
			);
			path = Cell;
			sourceTree = "<group>";
		};
		1C859C7E2CFFA1F400F702B9 /* Trackers */ = {
			isa = PBXGroup;
			children = (
				1C859C772CFFA1F400F702B9 /* Cell */,
				1C859C782CFFA1F400F702B9 /* Filters.swift */,
				1C859C792CFFA1F400F702B9 /* FiltersViewController.swift */,
				1C859C7A2CFFA1F400F702B9 /* TrackersViewController.swift */,
				1C859C7B2CFFA1F400F702B9 /* TrackersViewController+CollectionView.swift */,
				1C859C7C2CFFA1F400F702B9 /* TrackersViewController+ContextMenu.swift */,
				1C859C7D2CFFA1F400F702B9 /* TrackersViewController+TrackersViewProtocol.swift */,
			);
			path = Trackers;
			sourceTree = "<group>";
		};
		1C859C7F2CFFA1F400F702B9 /* Views */ = {
			isa = PBXGroup;
			children = (
				1C859C5E2CFFA1F400F702B9 /* Common */,
				1C859C602CFFA1F400F702B9 /* MainTabBar */,
				1C859C632CFFA1F400F702B9 /* Onboarding */,
				1C859C662CFFA1F400F702B9 /* Statistics */,
				1C859C712CFFA1F400F702B9 /* Tracker */,
				1C859C742CFFA1F400F702B9 /* TrackerCategories */,
				1C859C7E2CFFA1F400F702B9 /* Trackers */,
			);
			path = Views;
			sourceTree = "<group>";
		};
		1C859C882CFFA1F400F702B9 /* Tracker */ = {
			isa = PBXGroup;
			children = (
				1C859C2F2CFFA1F400F702B9 /* AppMetrica */,
				1C859C312CFFA1F400F702B9 /* CoreData */,
				1C859C392CFFA1F400F702B9 /* Helpers */,
				1C859C412CFFA1F400F702B9 /* Localization */,
				1C859C492CFFA1F400F702B9 /* Models */,
				1C859C512CFFA1F400F702B9 /* StoreServices */,
				1C859C572CFFA1F400F702B9 /* ViewModel */,
				1C859C7F2CFFA1F400F702B9 /* Views */,
				1C859C802CFFA1F400F702B9 /* AppDelegate.swift */,
				1C859C812CFFA1F400F702B9 /* Assets.xcassets */,
				1C859C842CFFA1F400F702B9 /* LaunchScreen.storyboard */,
				1C859C862CFFA1F400F702B9 /* LaunchScreen.strings */,
				1C859C872CFFA1F400F702B9 /* SceneDelegate.swift */,
			);
			path = Tracker;
			sourceTree = "<group>";
		};
		1C859CCD2CFFA1FF00F702B9 /* TrackerScreenshotTests */ = {
			isa = PBXGroup;
			children = (
			);
			path = TrackerScreenshotTests;
			sourceTree = "<group>";
		};
		1C859CCE2CFFA1FF00F702B9 /* __Snapshots__ */ = {
			isa = PBXGroup;
			children = (
				1C859CCD2CFFA1FF00F702B9 /* TrackerScreenshotTests */,
			);
			path = __Snapshots__;
			sourceTree = "<group>";
		};
		1C859CD12CFFA1FF00F702B9 /* Mock */ = {
			isa = PBXGroup;
			children = (
				1C859CCF2CFFA1FF00F702B9 /* MockFilterDelegate.swift */,
				1C859CD02CFFA1FF00F702B9 /* MockTrackerDelegate.swift */,
			);
			path = Mock;
			sourceTree = "<group>";
		};
		1C859CD42CFFA1FF00F702B9 /* TrackerTests */ = {
			isa = PBXGroup;
			children = (
				1C859CCE2CFFA1FF00F702B9 /* __Snapshots__ */,
				1C859CD12CFFA1FF00F702B9 /* Mock */,
				1C859CD22CFFA1FF00F702B9 /* StatisticsStoreTest.swift */,
				1C859CD32CFFA1FF00F702B9 /* TrackerScreenshotTests.swift */,
			);
			path = TrackerTests;
			sourceTree = "<group>";
		};
		3EBF9F9AD613F7C8D91D67EC /* Pods */ = {
			isa = PBXGroup;
			children = (
				1A7C3541A11903BCBDB9DCE4 /* Pods-Tracker.debug.xcconfig */,
				2F30DC82AA4313F8E50FD452 /* Pods-Tracker.release.xcconfig */,
				80805D0A7E290644B7C9C5DC /* Pods-TrackerTests.debug.xcconfig */,
				DC88A1D857345149E2DF3F0E /* Pods-TrackerTests.release.xcconfig */,
			);
			path = Pods;
			sourceTree = "<group>";
		};
		AFDE203FAE78151B49145D34 /* Frameworks */ = {
			isa = PBXGroup;
			children = (
				181826AB2E56A98266F1E642 /* Pods_Tracker.framework */,
				8A30C8FDF84A049A49D7A075 /* Pods_TrackerTests.framework */,
			);
			name = Frameworks;
			sourceTree = "<group>";
		};
/* End PBXGroup section */

/* Begin PBXNativeTarget section */
		1C7676A72CFDE3400094C046 /* TrackerTests */ = {
			isa = PBXNativeTarget;
			buildConfigurationList = 1C7676AE2CFDE3400094C046 /* Build configuration list for PBXNativeTarget "TrackerTests" */;
			buildPhases = (
				09FF19A25B77ED1218C0ACBB /* [CP] Check Pods Manifest.lock */,
				1C7676A42CFDE3400094C046 /* Sources */,
				1C7676A52CFDE3400094C046 /* Frameworks */,
				1C7676A62CFDE3400094C046 /* Resources */,
			);
			buildRules = (
			);
			dependencies = (
				1C7676AD2CFDE3400094C046 /* PBXTargetDependency */,
			);
			name = TrackerTests;
			productName = TrackerTests;
			productReference = 1C7676A82CFDE3400094C046 /* TrackerTests.xctest */;
			productType = "com.apple.product-type.bundle.unit-test";
		};
		1C7F151D2CE9BE38001AC738 /* Tracker */ = {
			isa = PBXNativeTarget;
			buildConfigurationList = 1C7F15312CE9BE3A001AC738 /* Build configuration list for PBXNativeTarget "Tracker" */;
			buildPhases = (
				C86534BA8F7DE01BF71AF69D /* [CP] Check Pods Manifest.lock */,
				1C7F151A2CE9BE38001AC738 /* Sources */,
				1C7F151B2CE9BE38001AC738 /* Frameworks */,
				1C7F151C2CE9BE38001AC738 /* Resources */,
				9F38C8F28451E3435B4B1571 /* [CP] Embed Pods Frameworks */,
			);
			buildRules = (
			);
			dependencies = (
			);
			name = Tracker;
			productName = Tracker;
			productReference = 1C7F151E2CE9BE38001AC738 /* Tracker.app */;
			productType = "com.apple.product-type.application";
		};
/* End PBXNativeTarget section */

/* Begin PBXProject section */
		1C7F15162CE9BE38001AC738 /* Project object */ = {
			isa = PBXProject;
			attributes = {
				BuildIndependentTargetsInParallel = 1;
				LastSwiftUpdateCheck = 1610;
				LastUpgradeCheck = 1610;
				TargetAttributes = {
					1C7676A72CFDE3400094C046 = {
						CreatedOnToolsVersion = 16.1;
						LastSwiftMigration = 1610;
						TestTargetID = 1C7F151D2CE9BE38001AC738;
					};
					1C7F151D2CE9BE38001AC738 = {
						CreatedOnToolsVersion = 16.1;
					};
				};
			};
			buildConfigurationList = 1C7F15192CE9BE38001AC738 /* Build configuration list for PBXProject "Tracker" */;
			developmentRegion = en;
			hasScannedForEncodings = 0;
			knownRegions = (
				en,
				Base,
				ru,
			);
			mainGroup = 1C7F15152CE9BE38001AC738;
			minimizedProjectReferenceProxies = 1;
			packageReferences = (
				1C8595532CFF351100F702B9 /* XCRemoteSwiftPackageReference "swift-snapshot-testing" */,
			);
			preferredProjectObjectVersion = 77;
			productRefGroup = 1C7F151F2CE9BE38001AC738 /* Products */;
			projectDirPath = "";
			projectRoot = "";
			targets = (
				1C7F151D2CE9BE38001AC738 /* Tracker */,
				1C7676A72CFDE3400094C046 /* TrackerTests */,
			);
		};
/* End PBXProject section */

/* Begin PBXResourcesBuildPhase section */
		1C7676A62CFDE3400094C046 /* Resources */ = {
			isa = PBXResourcesBuildPhase;
			buildActionMask = 2147483647;
			files = (
			);
			runOnlyForDeploymentPostprocessing = 0;
		};
		1C7F151C2CE9BE38001AC738 /* Resources */ = {
			isa = PBXResourcesBuildPhase;
			buildActionMask = 2147483647;
			files = (
				1C859CC72CFFA1F400F702B9 /* Localizable.strings in Resources */,
				1C859CC82CFFA1F400F702B9 /* Localizable.stringsdict in Resources */,
				1C859CC92CFFA1F400F702B9 /* Assets.xcassets in Resources */,
				1C859CCB2CFFA1F400F702B9 /* LaunchScreen.storyboard in Resources */,
				1C859CCC2CFFA1F400F702B9 /* LaunchScreen.strings in Resources */,
				1C8596242CFF415100F702B9 /* .gitignore in Resources */,
			);
			runOnlyForDeploymentPostprocessing = 0;
		};
/* End PBXResourcesBuildPhase section */

/* Begin PBXShellScriptBuildPhase section */
		09FF19A25B77ED1218C0ACBB /* [CP] Check Pods Manifest.lock */ = {
			isa = PBXShellScriptBuildPhase;
			buildActionMask = 2147483647;
			files = (
			);
			inputFileListPaths = (
			);
			inputPaths = (
				"${PODS_PODFILE_DIR_PATH}/Podfile.lock",
				"${PODS_ROOT}/Manifest.lock",
			);
			name = "[CP] Check Pods Manifest.lock";
			outputFileListPaths = (
			);
			outputPaths = (
				"$(DERIVED_FILE_DIR)/Pods-TrackerTests-checkManifestLockResult.txt",
			);
			runOnlyForDeploymentPostprocessing = 0;
			shellPath = /bin/sh;
			shellScript = "diff \"${PODS_PODFILE_DIR_PATH}/Podfile.lock\" \"${PODS_ROOT}/Manifest.lock\" > /dev/null\nif [ $? != 0 ] ; then\n    # print error to STDERR\n    echo \"error: The sandbox is not in sync with the Podfile.lock. Run 'pod install' or update your CocoaPods installation.\" >&2\n    exit 1\nfi\n# This output is used by Xcode 'outputs' to avoid re-running this script phase.\necho \"SUCCESS\" > \"${SCRIPT_OUTPUT_FILE_0}\"\n";
			showEnvVarsInLog = 0;
		};
		9F38C8F28451E3435B4B1571 /* [CP] Embed Pods Frameworks */ = {
			isa = PBXShellScriptBuildPhase;
			buildActionMask = 2147483647;
			files = (
			);
			inputFileListPaths = (
				"${PODS_ROOT}/Target Support Files/Pods-Tracker/Pods-Tracker-frameworks-${CONFIGURATION}-input-files.xcfilelist",
			);
			name = "[CP] Embed Pods Frameworks";
			outputFileListPaths = (
				"${PODS_ROOT}/Target Support Files/Pods-Tracker/Pods-Tracker-frameworks-${CONFIGURATION}-output-files.xcfilelist",
			);
			runOnlyForDeploymentPostprocessing = 0;
			shellPath = /bin/sh;
			shellScript = "\"${PODS_ROOT}/Target Support Files/Pods-Tracker/Pods-Tracker-frameworks.sh\"\n";
			showEnvVarsInLog = 0;
		};
		C86534BA8F7DE01BF71AF69D /* [CP] Check Pods Manifest.lock */ = {
			isa = PBXShellScriptBuildPhase;
			buildActionMask = 2147483647;
			files = (
			);
			inputFileListPaths = (
			);
			inputPaths = (
				"${PODS_PODFILE_DIR_PATH}/Podfile.lock",
				"${PODS_ROOT}/Manifest.lock",
			);
			name = "[CP] Check Pods Manifest.lock";
			outputFileListPaths = (
			);
			outputPaths = (
				"$(DERIVED_FILE_DIR)/Pods-Tracker-checkManifestLockResult.txt",
			);
			runOnlyForDeploymentPostprocessing = 0;
			shellPath = /bin/sh;
			shellScript = "diff \"${PODS_PODFILE_DIR_PATH}/Podfile.lock\" \"${PODS_ROOT}/Manifest.lock\" > /dev/null\nif [ $? != 0 ] ; then\n    # print error to STDERR\n    echo \"error: The sandbox is not in sync with the Podfile.lock. Run 'pod install' or update your CocoaPods installation.\" >&2\n    exit 1\nfi\n# This output is used by Xcode 'outputs' to avoid re-running this script phase.\necho \"SUCCESS\" > \"${SCRIPT_OUTPUT_FILE_0}\"\n";
			showEnvVarsInLog = 0;
		};
/* End PBXShellScriptBuildPhase section */

/* Begin PBXSourcesBuildPhase section */
		1C7676A42CFDE3400094C046 /* Sources */ = {
			isa = PBXSourcesBuildPhase;
			buildActionMask = 2147483647;
			files = (
				1C859CD52CFFA1FF00F702B9 /* MockFilterDelegate.swift in Sources */,
				1C859CD62CFFA1FF00F702B9 /* MockTrackerDelegate.swift in Sources */,
				1C859CD72CFFA1FF00F702B9 /* StatisticsStoreTest.swift in Sources */,
				1C859CD82CFFA1FF00F702B9 /* TrackerScreenshotTests.swift in Sources */,
			);
			runOnlyForDeploymentPostprocessing = 0;
		};
		1C7F151A2CE9BE38001AC738 /* Sources */ = {
			isa = PBXSourcesBuildPhase;
			buildActionMask = 2147483647;
			files = (
				1C859C8A2CFFA1F400F702B9 /* AnalyticalConstants.swift in Sources */,
				1C859C8B2CFFA1F400F702B9 /* AnalyticsService.swift in Sources */,
				1C859C8C2CFFA1F400F702B9 /* Tracker.xcdatamodeld in Sources */,
				1C859C8D2CFFA1F400F702B9 /* Array+Extension.swift in Sources */,
				1C859C8E2CFFA1F400F702B9 /* Date+Extensions.swift in Sources */,
				1C859C8F2CFFA1F400F702B9 /* GeometricParams.swift in Sources */,
				1C859C902CFFA1F400F702B9 /* Log.swift in Sources */,
				1C859C912CFFA1F400F702B9 /* PaddedTextField.swift in Sources */,
				1C859C922CFFA1F400F702B9 /* UIColor+Extension.swift in Sources */,
				1C859C932CFFA1F400F702B9 /* UserSettingsManager.swift in Sources */,
				1C859C942CFFA1F400F702B9 /* LocalozedStrings.swift in Sources */,
				1C859C952CFFA1F400F702B9 /* Emoji.swift in Sources */,
				1C859C962CFFA1F400F702B9 /* StatisticsItem.swift in Sources */,
				1C859C972CFFA1F400F702B9 /* Tracker.swift in Sources */,
				1C859C982CFFA1F400F702B9 /* TrackerCategory.swift in Sources */,
				1C859C992CFFA1F400F702B9 /* TrackerColor.swift in Sources */,
				1C859C9A2CFFA1F400F702B9 /* TrackerRecord.swift in Sources */,
				1C859C9B2CFFA1F400F702B9 /* WeekDays.swift in Sources */,
				1C859C9C2CFFA1F400F702B9 /* BasicStore.swift in Sources */,
				1C859C9D2CFFA1F400F702B9 /* FilterPredicateBuilder.swift in Sources */,
				1C859C9E2CFFA1F400F702B9 /* FilterPredicateFactory.swift in Sources */,
				1C859C9F2CFFA1F400F702B9 /* StatisticsStore.swift in Sources */,
				1C859CA02CFFA1F400F702B9 /* TrackerCategoryStore.swift in Sources */,
				1C859CA12CFFA1F400F702B9 /* TrackerRecordStore.swift in Sources */,
				1C859CA22CFFA1F400F702B9 /* TrackerStore.swift in Sources */,
				1C859CA32CFFA1F400F702B9 /* StatisticsViewModel.swift in Sources */,
				1C859CA42CFFA1F400F702B9 /* StoreDelegate.swift in Sources */,
				1C859CA52CFFA1F400F702B9 /* TrackerCategoryViewModel.swift in Sources */,
				1C859CA62CFFA1F400F702B9 /* TrackerCollectionViewModel.swift in Sources */,
				1C859CA72CFFA1F400F702B9 /* TrackersViewModel.swift in Sources */,
				1C859CA82CFFA1F400F702B9 /* AppColors.swift in Sources */,
				1C859CA92CFFA1F400F702B9 /* BasicViewController.swift in Sources */,
				1C859CAA2CFFA1F400F702B9 /* Constants.swift in Sources */,
				1C859CAB2CFFA1F400F702B9 /* GradientBorderView.swift in Sources */,
				1C859CAC2CFFA1F400F702B9 /* PlaceHolderView.swift in Sources */,
				1C859CAD2CFFA1F400F702B9 /* SelectionTableViewCell.swift in Sources */,
				1C859CAE2CFFA1F400F702B9 /* MainTabBarController.swift in Sources */,
				1C859CAF2CFFA1F400F702B9 /* ContentViewController.swift in Sources */,
				1C859CB02CFFA1F400F702B9 /* PageViewController.swift in Sources */,
				1C859CB12CFFA1F400F702B9 /* StatisticsItemView.swift in Sources */,
				1C859CB22CFFA1F400F702B9 /* StatisticsViewController.swift in Sources */,
				1C859CB32CFFA1F400F702B9 /* ColorCollectionViewCell.swift in Sources */,
				1C859CB42CFFA1F400F702B9 /* ColorSelectionView.swift in Sources */,
				1C859CB52CFFA1F400F702B9 /* EmojiCollectionViewCell.swift in Sources */,
				1C859CB62CFFA1F400F702B9 /* EmojiSelectionView.swift in Sources */,
				1C859CB72CFFA1F400F702B9 /* ScheduleViewController.swift in Sources */,
				1C859CB82CFFA1F400F702B9 /* TrackerDelegateProtocol.swift in Sources */,
				1C859CB92CFFA1F400F702B9 /* TrackerTypeSelectorViewController.swift in Sources */,
				1C859CBA2CFFA1F400F702B9 /* TrackerViewController.swift in Sources */,
				1C859CBB2CFFA1F400F702B9 /* CategoriesViewController.swift in Sources */,
				1C859CBC2CFFA1F400F702B9 /* NewCategoryViewController.swift in Sources */,
				1C859CBD2CFFA1F400F702B9 /* TrackerCardView.swift in Sources */,
				1C859CBE2CFFA1F400F702B9 /* TrackerCollectionViewCell.swift in Sources */,
				1C859CBF2CFFA1F400F702B9 /* Filters.swift in Sources */,
				1C859CC02CFFA1F400F702B9 /* FiltersViewController.swift in Sources */,
				1C859CC12CFFA1F400F702B9 /* TrackersViewController.swift in Sources */,
				1C859CC22CFFA1F400F702B9 /* TrackersViewController+CollectionView.swift in Sources */,
				1C859CC32CFFA1F400F702B9 /* TrackersViewController+ContextMenu.swift in Sources */,
				1C859CC42CFFA1F400F702B9 /* TrackersViewController+TrackersViewProtocol.swift in Sources */,
				1C859CC52CFFA1F400F702B9 /* AppDelegate.swift in Sources */,
				1C859CC62CFFA1F400F702B9 /* SceneDelegate.swift in Sources */,
			);
			runOnlyForDeploymentPostprocessing = 0;
		};
/* End PBXSourcesBuildPhase section */

/* Begin PBXTargetDependency section */
		1C7676AD2CFDE3400094C046 /* PBXTargetDependency */ = {
			isa = PBXTargetDependency;
			target = 1C7F151D2CE9BE38001AC738 /* Tracker */;
			targetProxy = 1C7676AC2CFDE3400094C046 /* PBXContainerItemProxy */;
		};
/* End PBXTargetDependency section */

/* Begin PBXVariantGroup section */
		1C859C3C2CFFA1F400F702B9 /* Localizable.strings */ = {
			isa = PBXVariantGroup;
			children = (
				1C859C3A2CFFA1F400F702B9 /* en */,
				1C859C3B2CFFA1F400F702B9 /* ru */,
			);
			name = Localizable.strings;
			sourceTree = "<group>";
		};
		1C859C3F2CFFA1F400F702B9 /* Localizable.stringsdict */ = {
			isa = PBXVariantGroup;
			children = (
				1C859C3D2CFFA1F400F702B9 /* en */,
				1C859C3E2CFFA1F400F702B9 /* ru */,
			);
			name = Localizable.stringsdict;
			sourceTree = "<group>";
		};
		1C859C842CFFA1F400F702B9 /* LaunchScreen.storyboard */ = {
			isa = PBXVariantGroup;
			children = (
				1C859C832CFFA1F400F702B9 /* Base */,
			);
			name = LaunchScreen.storyboard;
			sourceTree = "<group>";
		};
		1C859C862CFFA1F400F702B9 /* LaunchScreen.strings */ = {
			isa = PBXVariantGroup;
			children = (
				1C859C852CFFA1F400F702B9 /* en */,
			);
			name = LaunchScreen.strings;
			sourceTree = "<group>";
		};
/* End PBXVariantGroup section */

/* Begin XCBuildConfiguration section */
		1C7676AF2CFDE3400094C046 /* Debug */ = {
			isa = XCBuildConfiguration;
			baseConfigurationReference = 80805D0A7E290644B7C9C5DC /* Pods-TrackerTests.debug.xcconfig */;
			buildSettings = {
				BUNDLE_LOADER = "$(TEST_HOST)";
				CLANG_ENABLE_MODULES = YES;
				CODE_SIGN_STYLE = Automatic;
				CURRENT_PROJECT_VERSION = 1;
				DEVELOPMENT_TEAM = GS9YC7R8YL;
				GENERATE_INFOPLIST_FILE = YES;
				MARKETING_VERSION = 1.0;
				PRODUCT_BUNDLE_IDENTIFIER = ru.yandex.practicum.TrackerTests;
				PRODUCT_NAME = "$(TARGET_NAME)";
				SWIFT_EMIT_LOC_STRINGS = NO;
				SWIFT_OPTIMIZATION_LEVEL = "-Onone";
				SWIFT_VERSION = 5.0;
				TARGETED_DEVICE_FAMILY = "1,2";
				TEST_HOST = "$(BUILT_PRODUCTS_DIR)/Tracker.app/$(BUNDLE_EXECUTABLE_FOLDER_PATH)/Tracker";
			};
			name = Debug;
		};
		1C7676B02CFDE3400094C046 /* Release */ = {
			isa = XCBuildConfiguration;
			baseConfigurationReference = DC88A1D857345149E2DF3F0E /* Pods-TrackerTests.release.xcconfig */;
			buildSettings = {
				BUNDLE_LOADER = "$(TEST_HOST)";
				CLANG_ENABLE_MODULES = YES;
				CODE_SIGN_STYLE = Automatic;
				CURRENT_PROJECT_VERSION = 1;
				DEVELOPMENT_TEAM = GS9YC7R8YL;
				GENERATE_INFOPLIST_FILE = YES;
				MARKETING_VERSION = 1.0;
				PRODUCT_BUNDLE_IDENTIFIER = ru.yandex.practicum.TrackerTests;
				PRODUCT_NAME = "$(TARGET_NAME)";
				SWIFT_EMIT_LOC_STRINGS = NO;
				SWIFT_VERSION = 5.0;
				TARGETED_DEVICE_FAMILY = "1,2";
				TEST_HOST = "$(BUILT_PRODUCTS_DIR)/Tracker.app/$(BUNDLE_EXECUTABLE_FOLDER_PATH)/Tracker";
			};
			name = Release;
		};
		1C7F15322CE9BE3A001AC738 /* Debug */ = {
			isa = XCBuildConfiguration;
			baseConfigurationReference = 1A7C3541A11903BCBDB9DCE4 /* Pods-Tracker.debug.xcconfig */;
			buildSettings = {
				ASSETCATALOG_COMPILER_APPICON_NAME = AppIcon;
				ASSETCATALOG_COMPILER_GLOBAL_ACCENT_COLOR_NAME = AccentColor;
				CODE_SIGN_STYLE = Automatic;
				CURRENT_PROJECT_VERSION = 1;
				DEVELOPMENT_TEAM = GS9YC7R8YL;
				GENERATE_INFOPLIST_FILE = YES;
				INFOPLIST_FILE = Tracker/Info.plist;
				INFOPLIST_KEY_UIApplicationSupportsIndirectInputEvents = YES;
				INFOPLIST_KEY_UILaunchStoryboardName = LaunchScreen;
				INFOPLIST_KEY_UISupportedInterfaceOrientations = UIInterfaceOrientationPortrait;
				INFOPLIST_KEY_UISupportedInterfaceOrientations_iPad = "UIInterfaceOrientationLandscapeLeft UIInterfaceOrientationLandscapeRight UIInterfaceOrientationPortrait UIInterfaceOrientationPortraitUpsideDown";
				IPHONEOS_DEPLOYMENT_TARGET = 13.4;
				LD_RUNPATH_SEARCH_PATHS = (
					"$(inherited)",
					"@executable_path/Frameworks",
				);
				MARKETING_VERSION = 1.0;
				PRODUCT_BUNDLE_IDENTIFIER = ru.yandex.practicum.Tracker;
				PRODUCT_NAME = "$(TARGET_NAME)";
				SUPPORTED_PLATFORMS = "iphoneos iphonesimulator";
				SUPPORTS_MACCATALYST = NO;
				SUPPORTS_MAC_DESIGNED_FOR_IPHONE_IPAD = NO;
				SUPPORTS_XR_DESIGNED_FOR_IPHONE_IPAD = NO;
				SWIFT_EMIT_LOC_STRINGS = YES;
				SWIFT_VERSION = 5.0;
				TARGETED_DEVICE_FAMILY = 1;
			};
			name = Debug;
		};
		1C7F15332CE9BE3A001AC738 /* Release */ = {
			isa = XCBuildConfiguration;
			baseConfigurationReference = 2F30DC82AA4313F8E50FD452 /* Pods-Tracker.release.xcconfig */;
			buildSettings = {
				ASSETCATALOG_COMPILER_APPICON_NAME = AppIcon;
				ASSETCATALOG_COMPILER_GLOBAL_ACCENT_COLOR_NAME = AccentColor;
				CODE_SIGN_STYLE = Automatic;
				CURRENT_PROJECT_VERSION = 1;
				DEVELOPMENT_TEAM = GS9YC7R8YL;
				GENERATE_INFOPLIST_FILE = YES;
				INFOPLIST_FILE = Tracker/Info.plist;
				INFOPLIST_KEY_UIApplicationSupportsIndirectInputEvents = YES;
				INFOPLIST_KEY_UILaunchStoryboardName = LaunchScreen;
				INFOPLIST_KEY_UISupportedInterfaceOrientations = UIInterfaceOrientationPortrait;
				INFOPLIST_KEY_UISupportedInterfaceOrientations_iPad = "UIInterfaceOrientationLandscapeLeft UIInterfaceOrientationLandscapeRight UIInterfaceOrientationPortrait UIInterfaceOrientationPortraitUpsideDown";
				IPHONEOS_DEPLOYMENT_TARGET = 13.4;
				LD_RUNPATH_SEARCH_PATHS = (
					"$(inherited)",
					"@executable_path/Frameworks",
				);
				MARKETING_VERSION = 1.0;
				PRODUCT_BUNDLE_IDENTIFIER = ru.yandex.practicum.Tracker;
				PRODUCT_NAME = "$(TARGET_NAME)";
				SUPPORTED_PLATFORMS = "iphoneos iphonesimulator";
				SUPPORTS_MACCATALYST = NO;
				SUPPORTS_MAC_DESIGNED_FOR_IPHONE_IPAD = NO;
				SUPPORTS_XR_DESIGNED_FOR_IPHONE_IPAD = NO;
				SWIFT_EMIT_LOC_STRINGS = YES;
				SWIFT_VERSION = 5.0;
				TARGETED_DEVICE_FAMILY = 1;
			};
			name = Release;
		};
		1C7F15342CE9BE3A001AC738 /* Debug */ = {
			isa = XCBuildConfiguration;
			buildSettings = {
				ALWAYS_SEARCH_USER_PATHS = NO;
				ASSETCATALOG_COMPILER_GENERATE_SWIFT_ASSET_SYMBOL_EXTENSIONS = YES;
				CLANG_ANALYZER_NONNULL = YES;
				CLANG_ANALYZER_NUMBER_OBJECT_CONVERSION = YES_AGGRESSIVE;
				CLANG_CXX_LANGUAGE_STANDARD = "gnu++20";
				CLANG_ENABLE_MODULES = YES;
				CLANG_ENABLE_OBJC_ARC = YES;
				CLANG_ENABLE_OBJC_WEAK = YES;
				CLANG_WARN_BLOCK_CAPTURE_AUTORELEASING = YES;
				CLANG_WARN_BOOL_CONVERSION = YES;
				CLANG_WARN_COMMA = YES;
				CLANG_WARN_CONSTANT_CONVERSION = YES;
				CLANG_WARN_DEPRECATED_OBJC_IMPLEMENTATIONS = YES;
				CLANG_WARN_DIRECT_OBJC_ISA_USAGE = YES_ERROR;
				CLANG_WARN_DOCUMENTATION_COMMENTS = YES;
				CLANG_WARN_EMPTY_BODY = YES;
				CLANG_WARN_ENUM_CONVERSION = YES;
				CLANG_WARN_INFINITE_RECURSION = YES;
				CLANG_WARN_INT_CONVERSION = YES;
				CLANG_WARN_NON_LITERAL_NULL_CONVERSION = YES;
				CLANG_WARN_OBJC_IMPLICIT_RETAIN_SELF = YES;
				CLANG_WARN_OBJC_LITERAL_CONVERSION = YES;
				CLANG_WARN_OBJC_ROOT_CLASS = YES_ERROR;
				CLANG_WARN_QUOTED_INCLUDE_IN_FRAMEWORK_HEADER = YES;
				CLANG_WARN_RANGE_LOOP_ANALYSIS = YES;
				CLANG_WARN_STRICT_PROTOTYPES = YES;
				CLANG_WARN_SUSPICIOUS_MOVE = YES;
				CLANG_WARN_UNGUARDED_AVAILABILITY = YES_AGGRESSIVE;
				CLANG_WARN_UNREACHABLE_CODE = YES;
				CLANG_WARN__DUPLICATE_METHOD_MATCH = YES;
				COPY_PHASE_STRIP = NO;
				DEBUG_INFORMATION_FORMAT = dwarf;
				ENABLE_STRICT_OBJC_MSGSEND = YES;
				ENABLE_TESTABILITY = YES;
				ENABLE_USER_SCRIPT_SANDBOXING = YES;
				GCC_C_LANGUAGE_STANDARD = gnu17;
				GCC_DYNAMIC_NO_PIC = NO;
				GCC_NO_COMMON_BLOCKS = YES;
				GCC_OPTIMIZATION_LEVEL = 0;
				GCC_PREPROCESSOR_DEFINITIONS = (
					"DEBUG=1",
					"$(inherited)",
				);
				GCC_WARN_64_TO_32_BIT_CONVERSION = YES;
				GCC_WARN_ABOUT_RETURN_TYPE = YES_ERROR;
				GCC_WARN_UNDECLARED_SELECTOR = YES;
				GCC_WARN_UNINITIALIZED_AUTOS = YES_AGGRESSIVE;
				GCC_WARN_UNUSED_FUNCTION = YES;
				GCC_WARN_UNUSED_VARIABLE = YES;
				IPHONEOS_DEPLOYMENT_TARGET = 18.1;
				LOCALIZATION_PREFERS_STRING_CATALOGS = YES;
				MTL_ENABLE_DEBUG_INFO = INCLUDE_SOURCE;
				MTL_FAST_MATH = YES;
				ONLY_ACTIVE_ARCH = YES;
				SDKROOT = iphoneos;
				SWIFT_ACTIVE_COMPILATION_CONDITIONS = "DEBUG $(inherited)";
				SWIFT_OPTIMIZATION_LEVEL = "-Onone";
			};
			name = Debug;
		};
		1C7F15352CE9BE3A001AC738 /* Release */ = {
			isa = XCBuildConfiguration;
			buildSettings = {
				ALWAYS_SEARCH_USER_PATHS = NO;
				ASSETCATALOG_COMPILER_GENERATE_SWIFT_ASSET_SYMBOL_EXTENSIONS = YES;
				CLANG_ANALYZER_NONNULL = YES;
				CLANG_ANALYZER_NUMBER_OBJECT_CONVERSION = YES_AGGRESSIVE;
				CLANG_CXX_LANGUAGE_STANDARD = "gnu++20";
				CLANG_ENABLE_MODULES = YES;
				CLANG_ENABLE_OBJC_ARC = YES;
				CLANG_ENABLE_OBJC_WEAK = YES;
				CLANG_WARN_BLOCK_CAPTURE_AUTORELEASING = YES;
				CLANG_WARN_BOOL_CONVERSION = YES;
				CLANG_WARN_COMMA = YES;
				CLANG_WARN_CONSTANT_CONVERSION = YES;
				CLANG_WARN_DEPRECATED_OBJC_IMPLEMENTATIONS = YES;
				CLANG_WARN_DIRECT_OBJC_ISA_USAGE = YES_ERROR;
				CLANG_WARN_DOCUMENTATION_COMMENTS = YES;
				CLANG_WARN_EMPTY_BODY = YES;
				CLANG_WARN_ENUM_CONVERSION = YES;
				CLANG_WARN_INFINITE_RECURSION = YES;
				CLANG_WARN_INT_CONVERSION = YES;
				CLANG_WARN_NON_LITERAL_NULL_CONVERSION = YES;
				CLANG_WARN_OBJC_IMPLICIT_RETAIN_SELF = YES;
				CLANG_WARN_OBJC_LITERAL_CONVERSION = YES;
				CLANG_WARN_OBJC_ROOT_CLASS = YES_ERROR;
				CLANG_WARN_QUOTED_INCLUDE_IN_FRAMEWORK_HEADER = YES;
				CLANG_WARN_RANGE_LOOP_ANALYSIS = YES;
				CLANG_WARN_STRICT_PROTOTYPES = YES;
				CLANG_WARN_SUSPICIOUS_MOVE = YES;
				CLANG_WARN_UNGUARDED_AVAILABILITY = YES_AGGRESSIVE;
				CLANG_WARN_UNREACHABLE_CODE = YES;
				CLANG_WARN__DUPLICATE_METHOD_MATCH = YES;
				COPY_PHASE_STRIP = NO;
				DEBUG_INFORMATION_FORMAT = "dwarf-with-dsym";
				ENABLE_NS_ASSERTIONS = NO;
				ENABLE_STRICT_OBJC_MSGSEND = YES;
				ENABLE_USER_SCRIPT_SANDBOXING = YES;
				GCC_C_LANGUAGE_STANDARD = gnu17;
				GCC_NO_COMMON_BLOCKS = YES;
				GCC_WARN_64_TO_32_BIT_CONVERSION = YES;
				GCC_WARN_ABOUT_RETURN_TYPE = YES_ERROR;
				GCC_WARN_UNDECLARED_SELECTOR = YES;
				GCC_WARN_UNINITIALIZED_AUTOS = YES_AGGRESSIVE;
				GCC_WARN_UNUSED_FUNCTION = YES;
				GCC_WARN_UNUSED_VARIABLE = YES;
				IPHONEOS_DEPLOYMENT_TARGET = 18.1;
				LOCALIZATION_PREFERS_STRING_CATALOGS = YES;
				MTL_ENABLE_DEBUG_INFO = NO;
				MTL_FAST_MATH = YES;
				SDKROOT = iphoneos;
				SWIFT_COMPILATION_MODE = wholemodule;
				VALIDATE_PRODUCT = YES;
			};
			name = Release;
		};
/* End XCBuildConfiguration section */

/* Begin XCConfigurationList section */
		1C7676AE2CFDE3400094C046 /* Build configuration list for PBXNativeTarget "TrackerTests" */ = {
			isa = XCConfigurationList;
			buildConfigurations = (
				1C7676AF2CFDE3400094C046 /* Debug */,
				1C7676B02CFDE3400094C046 /* Release */,
			);
			defaultConfigurationIsVisible = 0;
			defaultConfigurationName = Release;
		};
		1C7F15192CE9BE38001AC738 /* Build configuration list for PBXProject "Tracker" */ = {
			isa = XCConfigurationList;
			buildConfigurations = (
				1C7F15342CE9BE3A001AC738 /* Debug */,
				1C7F15352CE9BE3A001AC738 /* Release */,
			);
			defaultConfigurationIsVisible = 0;
			defaultConfigurationName = Release;
		};
		1C7F15312CE9BE3A001AC738 /* Build configuration list for PBXNativeTarget "Tracker" */ = {
			isa = XCConfigurationList;
			buildConfigurations = (
				1C7F15322CE9BE3A001AC738 /* Debug */,
				1C7F15332CE9BE3A001AC738 /* Release */,
			);
			defaultConfigurationIsVisible = 0;
			defaultConfigurationName = Release;
		};
/* End XCConfigurationList section */

/* Begin XCRemoteSwiftPackageReference section */
		1C8595532CFF351100F702B9 /* XCRemoteSwiftPackageReference "swift-snapshot-testing" */ = {
			isa = XCRemoteSwiftPackageReference;
			repositoryURL = "https://github.com/pointfreeco/swift-snapshot-testing";
			requirement = {
				kind = upToNextMajorVersion;
				minimumVersion = 1.17.6;
			};
		};
/* End XCRemoteSwiftPackageReference section */

/* Begin XCVersionGroup section */
		1C859C302CFFA1F400F702B9 /* Tracker.xcdatamodeld */ = {
			isa = XCVersionGroup;
			children = (
				1C859C892CFFA1F400F702B9 /* Tracker.xcdatamodel */,
			);
			currentVersion = 1C859C892CFFA1F400F702B9 /* Tracker.xcdatamodel */;
			path = Tracker.xcdatamodeld;
			sourceTree = "<group>";
			versionGroupType = wrapper.xcdatamodel;
		};
/* End XCVersionGroup section */
	};
	rootObject = 1C7F15162CE9BE38001AC738 /* Project object */;
}
